{
  "name": "client",
  "version": "0.0.0",
  "dependencies": {
    "lodash": {
      "version": "2.4.1",
      "from": "lodash@^2.4.1"
    },
    "envify": {
      "version": "1.2.1",
      "from": "envify@^1.2.1",
      "dependencies": {
        "xtend": {
          "version": "2.1.2",
          "from": "xtend@~2.1.2",
          "dependencies": {
            "object-keys": {
              "version": "0.4.0",
              "from": "object-keys@~0.4.0"
            }
          }
        },
        "through": {
          "version": "2.3.4",
          "from": "through@~2.3.1"
        },
        "esprima-fb": {
          "version": "3001.1.0-dev-harmony-fb",
          "from": "esprima-fb@~3001.1.0-dev-harmony-fb"
        },
        "jstransform": {
          "version": "3.0.0",
          "from": "jstransform@~3.0.0",
          "dependencies": {
            "base62": {
              "version": "0.1.1",
              "from": "base62@0.1.1"
            },
            "source-map": {
              "version": "0.1.31",
              "from": "source-map@0.1.31",
              "dependencies": {
                "amdefine": {
                  "version": "0.1.0",
                  "from": "amdefine@>=0.0.4"
                }
              }
            }
          }
        }
      }
    },
    "react": {
      "version": "0.10.0",
      "from": "react@^0.10.0"
    },
    "style-loader": {
      "version": "0.6.3",
      "from": "style-loader@^0.6.3"
    },
    "expose-loader": {
      "version": "0.5.3",
      "from": "expose-loader@^0.5.3"
    },
    "minimist": {
      "version": "0.0.8",
      "from": "minimist@0.0.8"
    },
    "file-loader": {
      "version": "0.5.1",
      "from": "file-loader@^0.5.1",
      "dependencies": {
        "loader-utils": {
          "version": "0.2.2",
          "from": "loader-utils@^0.2.2",
          "dependencies": {
            "json5": {
              "version": "0.1.0",
              "from": "json5@0.1.x"
            }
          }
        }
      }
    },
    "chai": {
      "version": "1.9.1",
      "from": "chai@^1.9.1",
      "dependencies": {
        "assertion-error": {
          "version": "1.0.0",
          "from": "assertion-error@1.0.0"
        },
        "deep-eql": {
          "version": "0.1.3",
          "from": "deep-eql@0.1.3",
          "dependencies": {
            "type-detect": {
              "version": "0.1.1",
              "from": "type-detect@0.1.1"
            }
          }
        }
      }
    },
    "jshint-loader": {
      "version": "0.6.0",
      "from": "jshint-loader@^0.6.0",
      "dependencies": {
        "jshint": {
          "version": "2.3.0",
          "from": "jshint@2.3.x",
          "dependencies": {
            "shelljs": {
              "version": "0.1.4",
              "from": "shelljs@0.1.x"
            },
            "underscore": {
              "version": "1.4.4",
              "from": "underscore@1.4.x"
            },
            "cli": {
              "version": "0.4.5",
              "from": "cli@0.4.x",
              "dependencies": {
                "glob": {
                  "version": "3.2.9",
                  "from": "glob@>= 3.1.4",
                  "dependencies": {
                    "inherits": {
                      "version": "2.0.1",
                      "from": "inherits@2"
                    }
                  }
                }
              }
            },
            "minimatch": {
              "version": "0.2.14",
              "from": "minimatch@0.x.x",
              "dependencies": {
                "lru-cache": {
                  "version": "2.5.0",
                  "from": "lru-cache@2"
                },
                "sigmund": {
                  "version": "1.0.0",
                  "from": "sigmund@~1.0.0"
                }
              }
            },
            "console-browserify": {
              "version": "0.1.6",
              "from": "console-browserify@0.1.x"
            }
          }
        },
        "loader-utils": {
          "version": "0.2.2",
          "from": "loader-utils@~0.2.2",
          "dependencies": {
            "json5": {
              "version": "0.1.0",
              "from": "json5@0.1.x"
            }
          }
        }
      }
    },
    "gulp-mocha": {
      "version": "0.4.1",
      "from": "gulp-mocha@^0.4.1",
      "dependencies": {
        "through2": {
          "version": "0.4.1",
          "from": "through2@~0.4.0",
          "dependencies": {
            "readable-stream": {
              "version": "1.0.27-1",
              "from": "readable-stream@~1.0.17",
              "dependencies": {
                "core-util-is": {
                  "version": "1.0.1",
                  "from": "core-util-is@~1.0.0"
                },
                "isarray": {
                  "version": "0.0.1",
                  "from": "isarray@0.0.1"
                },
                "string_decoder": {
                  "version": "0.10.25-1",
                  "from": "string_decoder@~0.10.x"
                },
                "inherits": {
                  "version": "2.0.1",
                  "from": "inherits@~2.0.1"
                }
              }
            },
            "xtend": {
              "version": "2.1.2",
              "from": "xtend@~2.1.1",
              "dependencies": {
                "object-keys": {
                  "version": "0.4.0",
                  "from": "object-keys@~0.4.0"
                }
              }
            }
          }
        },
        "mocha": {
          "version": "1.18.2",
          "from": "mocha@~1",
          "dependencies": {
            "commander": {
              "version": "2.0.0",
              "from": "commander@2.0.0"
            },
            "growl": {
              "version": "1.7.0",
              "from": "growl@1.7.x"
            },
            "jade": {
              "version": "0.26.3",
              "from": "jade@0.26.3",
              "dependencies": {
                "commander": {
                  "version": "0.6.1",
                  "from": "commander@0.6.1"
                },
                "mkdirp": {
                  "version": "0.3.0",
                  "from": "mkdirp@0.3.0"
                }
              }
            },
            "diff": {
              "version": "1.0.7",
              "from": "diff@1.0.7"
            },
            "debug": {
              "version": "0.8.0",
              "from": "debug@*"
            },
            "mkdirp": {
              "version": "0.3.5",
              "from": "mkdirp@0.3.5"
            },
            "glob": {
              "version": "3.2.3",
              "from": "glob@3.2.3",
              "dependencies": {
                "minimatch": {
                  "version": "0.2.14",
                  "from": "minimatch@~0.2.11",
                  "dependencies": {
                    "lru-cache": {
                      "version": "2.5.0",
                      "from": "lru-cache@2"
                    },
                    "sigmund": {
                      "version": "1.0.0",
                      "from": "sigmund@~1.0.0"
                    }
                  }
                },
                "graceful-fs": {
                  "version": "2.0.3",
                  "from": "graceful-fs@~2.0.0"
                },
                "inherits": {
                  "version": "2.0.1",
                  "from": "inherits@2"
                }
              }
            }
          }
        }
      }
    },
    "gulp-util": {
      "version": "2.2.14",
      "from": "gulp-util@^2.2.14",
      "dependencies": {
        "chalk": {
          "version": "0.4.0",
          "from": "chalk@~0.4.0",
          "dependencies": {
            "has-color": {
              "version": "0.1.7",
              "from": "has-color@~0.1.0"
            },
            "ansi-styles": {
              "version": "1.0.0",
              "from": "ansi-styles@~1.0.0"
            },
            "strip-ansi": {
              "version": "0.1.1",
              "from": "strip-ansi@~0.1.0"
            }
          }
        },
        "lodash.template": {
          "version": "2.4.1",
          "from": "lodash.template@~2.4.1",
          "dependencies": {
            "lodash.defaults": {
              "version": "2.4.1",
              "from": "lodash.defaults@~2.4.1",
              "dependencies": {
                "lodash._objecttypes": {
                  "version": "2.4.1",
                  "from": "lodash._objecttypes@~2.4.1"
                }
              }
            },
            "lodash.escape": {
              "version": "2.4.1",
              "from": "lodash.escape@~2.4.1",
              "dependencies": {
                "lodash._escapehtmlchar": {
                  "version": "2.4.1",
                  "from": "lodash._escapehtmlchar@~2.4.1",
                  "dependencies": {
                    "lodash._htmlescapes": {
                      "version": "2.4.1",
                      "from": "lodash._htmlescapes@~2.4.1"
                    }
                  }
                },
                "lodash._reunescapedhtml": {
                  "version": "2.4.1",
                  "from": "lodash._reunescapedhtml@~2.4.1",
                  "dependencies": {
                    "lodash._htmlescapes": {
                      "version": "2.4.1",
                      "from": "lodash._htmlescapes@~2.4.1"
                    }
                  }
                }
              }
            },
            "lodash._escapestringchar": {
              "version": "2.4.1",
              "from": "lodash._escapestringchar@~2.4.1"
            },
            "lodash.keys": {
              "version": "2.4.1",
              "from": "lodash.keys@~2.4.1",
              "dependencies": {
                "lodash._isnative": {
                  "version": "2.4.1",
                  "from": "lodash._isnative@~2.4.1"
                },
                "lodash.isobject": {
                  "version": "2.4.1",
                  "from": "lodash.isobject@~2.4.1",
                  "dependencies": {
                    "lodash._objecttypes": {
                      "version": "2.4.1",
                      "from": "lodash._objecttypes@~2.4.1"
                    }
                  }
                },
                "lodash._shimkeys": {
                  "version": "2.4.1",
                  "from": "lodash._shimkeys@~2.4.1",
                  "dependencies": {
                    "lodash._objecttypes": {
                      "version": "2.4.1",
                      "from": "lodash._objecttypes@~2.4.1"
                    }
                  }
                }
              }
            },
            "lodash.templatesettings": {
              "version": "2.4.1",
              "from": "lodash.templatesettings@~2.4.1"
            },
            "lodash.values": {
              "version": "2.4.1",
              "from": "lodash.values@~2.4.1"
            }
          }
        },
        "lodash._reinterpolate": {
          "version": "2.4.1",
          "from": "lodash._reinterpolate@~2.4.1"
        },
        "vinyl": {
          "version": "0.2.3",
          "from": "vinyl@~0.2.1",
          "dependencies": {
            "clone-stats": {
              "version": "0.0.1",
              "from": "clone-stats@~0.0.1"
            }
          }
        },
        "through2": {
          "version": "0.4.1",
          "from": "through2@^0.4.1",
          "dependencies": {
            "readable-stream": {
              "version": "1.0.27-1",
              "from": "readable-stream@~1.0.17",
              "dependencies": {
                "core-util-is": {
                  "version": "1.0.1",
                  "from": "core-util-is@~1.0.0"
                },
                "isarray": {
                  "version": "0.0.1",
                  "from": "isarray@0.0.1"
                },
                "string_decoder": {
                  "version": "0.10.25-1",
                  "from": "string_decoder@~0.10.x"
                },
                "inherits": {
                  "version": "2.0.1",
                  "from": "inherits@~2.0.1"
                }
              }
            },
            "xtend": {
              "version": "2.1.2",
              "from": "xtend@~2.1.1",
              "dependencies": {
                "object-keys": {
                  "version": "0.4.0",
                  "from": "object-keys@~0.4.0"
                }
              }
            }
          }
        },
        "dateformat": {
          "version": "1.0.7-1.2.3",
          "from": "dateformat@~1.0.7-1.2.3"
        },
        "multipipe": {
          "version": "0.0.2",
          "from": "multipipe@~0.0.1",
          "dependencies": {
            "duplexer2": {
              "version": "0.0.1",
              "from": "duplexer2@0.0.1"
            }
          }
        }
      }
    },
    "gulp-rimraf": {
      "version": "0.0.10",
      "from": "gulp-rimraf@0.0.10",
      "dependencies": {
        "rimraf": {
          "version": "2.2.6",
          "from": "rimraf@^2.2.6"
        },
        "through2": {
          "version": "0.4.1",
          "from": "through2@^0.4.1",
          "dependencies": {
            "readable-stream": {
              "version": "1.0.27-1",
              "from": "readable-stream@~1.0.17",
              "dependencies": {
                "core-util-is": {
                  "version": "1.0.1",
                  "from": "core-util-is@~1.0.0"
                },
                "isarray": {
                  "version": "0.0.1",
                  "from": "isarray@0.0.1"
                },
                "string_decoder": {
                  "version": "0.10.25-1",
                  "from": "string_decoder@~0.10.x"
                },
                "inherits": {
                  "version": "2.0.1",
                  "from": "inherits@~2.0.1"
                }
              }
            },
            "xtend": {
              "version": "2.1.2",
              "from": "xtend@~2.1.1",
              "dependencies": {
                "object-keys": {
                  "version": "0.4.0",
                  "from": "object-keys@~0.4.0"
                }
              }
            }
          }
        }
      }
    },
    "gulp-inject": {
      "version": "0.4.1",
      "from": "gulp-inject@^0.4.1",
      "dependencies": {
        "event-stream": {
          "version": "3.1.2",
          "from": "event-stream@~3.1.0",
          "dependencies": {
            "through": {
              "version": "2.3.4",
              "from": "through@~2.3.1"
            },
            "duplexer": {
              "version": "0.1.1",
              "from": "duplexer@~0.1.1"
            },
            "from": {
              "version": "0.1.3",
              "from": "from@~0"
            },
            "map-stream": {
              "version": "0.1.0",
              "from": "map-stream@~0.1.0"
            },
            "pause-stream": {
              "version": "0.0.11",
              "from": "pause-stream@0.0.11"
            },
            "split": {
              "version": "0.2.10",
              "from": "split@0.2"
            },
            "stream-combiner": {
              "version": "0.0.4",
              "from": "stream-combiner@~0.0.4"
            }
          }
        }
      }
    },
    "gulp": {
      "version": "3.6.1",
      "from": "gulp@^3.6.1",
      "dependencies": {
        "archy": {
          "version": "0.0.2",
          "from": "archy@^0.0.2"
        },
        "chalk": {
          "version": "0.4.0",
          "from": "chalk@~0.4.0",
          "dependencies": {
            "has-color": {
              "version": "0.1.7",
              "from": "has-color@~0.1.0"
            },
            "ansi-styles": {
              "version": "1.0.0",
              "from": "ansi-styles@~1.0.0"
            },
            "strip-ansi": {
              "version": "0.1.1",
              "from": "strip-ansi@~0.1.0"
            }
          }
        },
        "deprecated": {
          "version": "0.0.1",
          "from": "deprecated@^0.0.1"
        },
        "liftoff": {
          "version": "0.9.8",
          "from": "liftoff@^0.9.3",
          "dependencies": {
            "findup-sync": {
              "version": "0.1.3",
              "from": "findup-sync@~0.1.2",
              "dependencies": {
                "glob": {
                  "version": "3.2.9",
                  "from": "glob@~3.2.7",
                  "dependencies": {
                    "minimatch": {
                      "version": "0.2.14",
                      "from": "minimatch@~0.2.11",
                      "dependencies": {
                        "lru-cache": {
                          "version": "2.5.0",
                          "from": "lru-cache@2"
                        },
                        "sigmund": {
                          "version": "1.0.0",
                          "from": "sigmund@~1.0.0"
                        }
                      }
                    },
                    "inherits": {
                      "version": "2.0.1",
                      "from": "inherits@2"
                    }
                  }
                }
              }
            },
            "resolve": {
              "version": "0.6.3",
              "from": "resolve@~0.6.1"
            },
            "extend": {
              "version": "1.2.1",
              "from": "extend@~1.2.1"
            }
          }
        },
        "orchestrator": {
          "version": "0.3.3",
          "from": "orchestrator@^0.3.0",
          "dependencies": {
            "sequencify": {
              "version": "0.0.7",
              "from": "sequencify@~0.0.7"
            }
          }
        },
        "pretty-hrtime": {
          "version": "0.2.1",
          "from": "pretty-hrtime@^0.2.0"
        },
        "semver": {
          "version": "2.2.1",
          "from": "semver@^2.2.1"
        },
        "tildify": {
          "version": "0.2.0",
          "from": "tildify@^0.2.0"
        },
        "vinyl-fs": {
          "version": "0.1.4",
          "from": "vinyl-fs@^0.1.3",
          "dependencies": {
            "vinyl": {
              "version": "0.2.3",
              "from": "vinyl@^0.2.0",
              "dependencies": {
                "clone-stats": {
                  "version": "0.0.1",
                  "from": "clone-stats@~0.0.1"
                }
              }
            },
            "glob-stream": {
              "version": "3.1.9",
              "from": "glob-stream@^3.1.5",
              "dependencies": {
                "glob": {
                  "version": "3.2.9",
                  "from": "glob@~3.2.7",
                  "dependencies": {
                    "inherits": {
                      "version": "2.0.1",
                      "from": "inherits@2"
                    }
                  }
                },
                "minimatch": {
                  "version": "0.2.14",
                  "from": "minimatch@~0.2.12",
                  "dependencies": {
                    "lru-cache": {
                      "version": "2.5.0",
                      "from": "lru-cache@2"
                    },
                    "sigmund": {
                      "version": "1.0.0",
                      "from": "sigmund@~1.0.0"
                    }
                  }
                },
                "ordered-read-streams": {
                  "version": "0.0.7",
                  "from": "ordered-read-streams@~0.0.3"
                },
                "glob2base": {
                  "version": "0.0.8",
                  "from": "glob2base@~0.0.4"
                },
                "unique-stream": {
                  "version": "0.0.3",
                  "from": "unique-stream@~0.0.3"
                },
                "through": {
                  "version": "2.3.4",
                  "from": "through@~2.3.4"
                }
              }
            },
            "glob-watcher": {
              "version": "0.0.6",
              "from": "glob-watcher@^0.0.6",
              "dependencies": {
                "gaze": {
                  "version": "0.5.1",
                  "from": "gaze@^0.5.1",
                  "dependencies": {
                    "globule": {
                      "version": "0.1.0",
                      "from": "globule@~0.1.0",
                      "dependencies": {
                        "lodash": {
                          "version": "1.0.1",
                          "from": "lodash@~1.0.1"
                        },
                        "glob": {
                          "version": "3.1.21",
                          "from": "glob@~3.1.21",
                          "dependencies": {
                            "graceful-fs": {
                              "version": "1.2.3",
                              "from": "graceful-fs@~1.2.0"
                            },
                            "inherits": {
                              "version": "1.0.0",
                              "from": "inherits@1"
                            }
                          }
                        },
                        "minimatch": {
                          "version": "0.2.14",
                          "from": "minimatch@~0.2.11",
                          "dependencies": {
                            "lru-cache": {
                              "version": "2.5.0",
                              "from": "lru-cache@2"
                            },
                            "sigmund": {
                              "version": "1.0.0",
                              "from": "sigmund@~1.0.0"
                            }
                          }
                        }
                      }
                    }
                  }
                }
              }
            },
            "mkdirp": {
              "version": "0.3.5",
              "from": "mkdirp@0.3.x"
            },
            "graceful-fs": {
              "version": "2.0.3",
              "from": "graceful-fs@^2.0.1"
            },
            "map-stream": {
              "version": "0.1.0",
              "from": "map-stream@^0.1.0"
            }
          }
        }
      }
    },
    "react-tools": {
      "version": "0.10.0",
      "from": "react-tools@^0.10.0",
      "dependencies": {
        "commoner": {
          "version": "0.9.3",
          "from": "commoner@^0.9.2",
          "dependencies": {
            "q": {
              "version": "1.0.1",
              "from": "q@~1.0.1"
            },
            "recast": {
              "version": "0.5.16",
              "from": "recast@~0.5.12",
              "dependencies": {
                "esprima": {
                  "version": "1.1.1",
                  "from": "esprima@~1.1.1"
                },
                "source-map": {
                  "version": "0.1.32",
                  "from": "source-map@0.1.32",
                  "dependencies": {
                    "amdefine": {
                      "version": "0.1.0",
                      "from": "amdefine@>=0.0.4"
                    }
                  }
                },
                "cls": {
                  "version": "0.1.4",
                  "from": "cls@~0.1.3"
                },
                "ast-types": {
                  "version": "0.3.25",
                  "from": "ast-types@~0.3.22"
                }
              }
            },
            "commander": {
              "version": "2.2.0",
              "from": "commander@~2.2.0"
            },
            "graceful-fs": {
              "version": "2.0.3",
              "from": "graceful-fs@~2.0.3"
            },
            "glob": {
              "version": "3.2.9",
              "from": "glob@>= 3.1.4",
              "dependencies": {
                "minimatch": {
                  "version": "0.2.14",
                  "from": "minimatch@~0.2.11",
                  "dependencies": {
                    "lru-cache": {
                      "version": "2.5.0",
                      "from": "lru-cache@2"
                    },
                    "sigmund": {
                      "version": "1.0.0",
                      "from": "sigmund@~1.0.0"
                    }
                  }
                },
                "inherits": {
                  "version": "2.0.1",
                  "from": "inherits@2"
                }
              }
            },
            "mkdirp": {
              "version": "0.3.5",
              "from": "mkdirp@~0.3.5"
            },
            "private": {
              "version": "0.1.3",
              "from": "private@~0.1.2"
            },
            "install": {
              "version": "0.1.7",
              "from": "install@~0.1.7"
            },
            "iconv-lite": {
              "version": "0.2.11",
              "from": "iconv-lite@~0.2.11"
            },
            "whiskey": {
              "version": "0.6.13",
              "from": "whiskey@0.6.x",
              "dependencies": {
                "sprintf": {
                  "version": "0.1.3",
                  "from": "sprintf@>= 0.1.1"
                },
                "async": {
                  "version": "0.7.0",
                  "from": "async@>= 0.1.18"
                },
                "magic-templates": {
                  "version": "0.1.1",
                  "from": "magic-templates@= 0.1.1"
                },
                "rimraf": {
                  "version": "1.0.1",
                  "from": "rimraf@= 1.0.1"
                },
                "terminal": {
                  "version": "0.1.3",
                  "from": "terminal@= 0.1.3"
                },
                "gex": {
                  "version": "0.0.1",
                  "from": "gex@= 0.0.1"
                },
                "simplesets": {
                  "version": "1.1.6",
                  "from": "simplesets@= 1.1.6"
                },
                "logmagic": {
                  "version": "0.1.4",
                  "from": "logmagic@= 0.1.4"
                },
                "underscore": {
                  "version": "1.6.0",
                  "from": "underscore@>= 1.4.2"
                }
              }
            }
          }
        },
        "esprima-fb": {
          "version": "3001.1.0-dev-harmony-fb",
          "from": "esprima-fb@~3001.1.0-dev-harmony-fb"
        },
        "jstransform": {
          "version": "3.0.0",
          "from": "jstransform@~3.0.0",
          "dependencies": {
            "base62": {
              "version": "0.1.1",
              "from": "base62@0.1.1"
            },
            "source-map": {
              "version": "0.1.31",
              "from": "source-map@0.1.31",
              "dependencies": {
                "amdefine": {
                  "version": "0.1.0",
                  "from": "amdefine@>=0.0.4"
                }
              }
            }
          }
        }
      }
    },
    "css-loader": {
      "version": "0.6.12",
      "from": "css-loader@^0.6.12",
      "dependencies": {
        "csso": {
          "version": "1.3.11",
          "from": "csso@1.3.x"
        },
        "source-map": {
          "version": "0.1.33",
          "from": "source-map@0.1.x",
          "dependencies": {
            "amdefine": {
              "version": "0.1.0",
              "from": "amdefine@>=0.0.4"
            }
          }
        },
        "loader-utils": {
          "version": "0.2.2",
          "from": "loader-utils@~0.2.2",
          "dependencies": {
            "json5": {
              "version": "0.1.0",
              "from": "json5@0.1.x"
            }
          }
        }
      }
    },
    "webpack": {
      "version": "1.1.8",
      "from": "webpack@^1.1.8",
      "dependencies": {
        "esprima": {
          "version": "1.0.4",
          "from": "esprima@1.0.x"
        },
        "mkdirp": {
          "version": "0.3.5",
          "from": "mkdirp@~0.3.5"
        },
        "optimist": {
          "version": "0.6.1",
          "from": "optimist@0.6.x",
          "dependencies": {
            "wordwrap": {
              "version": "0.0.2",
              "from": "wordwrap@~0.0.2"
            }
          }
        },
        "uglify-js": {
          "version": "2.4.13",
          "from": "uglify-js@2.4.x",
          "dependencies": {
            "source-map": {
              "version": "0.1.33",
              "from": "source-map@~0.1.33",
              "dependencies": {
                "amdefine": {
                  "version": "0.1.0",
                  "from": "amdefine@>=0.0.4"
                }
              }
            },
            "optimist": {
              "version": "0.3.7",
              "from": "optimist@~0.3.5",
              "dependencies": {
                "wordwrap": {
                  "version": "0.0.2",
                  "from": "wordwrap@~0.0.2"
                }
              }
            },
            "uglify-to-browserify": {
              "version": "1.0.2",
              "from": "uglify-to-browserify@~1.0.0"
            }
          }
        },
        "async": {
          "version": "0.2.10",
          "from": "async@0.2.x"
        },
        "enhanced-resolve": {
          "version": "0.7.4",
          "from": "enhanced-resolve@0.7.x",
          "dependencies": {
            "graceful-fs": {
              "version": "2.0.3",
              "from": "graceful-fs@~2.0.3"
            }
          }
        },
        "clone": {
          "version": "0.1.11",
          "from": "clone@0.1.x"
        },
        "webpack-core": {
          "version": "0.3.4",
          "from": "webpack-core@0.3.x",
          "dependencies": {
            "source-map": {
              "version": "0.1.33",
              "from": "source-map@0.1.x",
              "dependencies": {
                "amdefine": {
                  "version": "0.1.0",
                  "from": "amdefine@>=0.0.4"
                }
              }
            }
          }
        },
        "node-libs-browser": {
          "version": "0.2.1",
          "from": "node-libs-browser@0.2.x",
          "dependencies": {
            "console-browserify": {
              "version": "1.0.3",
              "from": "console-browserify@~1.0.3"
            },
            "vm-browserify": {
              "version": "0.0.4",
              "from": "vm-browserify@0.0.4",
              "dependencies": {
                "indexof": {
                  "version": "0.0.1",
                  "from": "indexof@0.0.1"
                }
              }
            },
            "crypto-browserify": {
              "version": "2.1.5",
              "from": "crypto-browserify@~2.1.0",
              "dependencies": {
                "sha.js": {
                  "version": "2.1.1",
                  "from": "sha.js@2.1.1",
                  "dependencies": {
                    "native-buffer-browserify": {
                      "version": "2.0.17",
                      "from": "native-buffer-browserify@~2.0.8",
                      "dependencies": {
                        "base64-js": {
                          "version": "0.0.6",
                          "from": "base64-js@~0.0.4"
                        },
                        "ieee754": {
                          "version": "1.1.3",
                          "from": "ieee754@~1.1.1"
                        }
                      }
                    }
                  }
                }
              }
            },
            "http-browserify": {
              "version": "1.3.2",
              "from": "http-browserify@~1.3.2",
              "dependencies": {
                "Base64": {
                  "version": "0.2.1",
                  "from": "Base64@~0.2.0"
                },
                "inherits": {
                  "version": "2.0.1",
                  "from": "inherits@2.0.1"
                }
              }
            },
            "browserify-zlib": {
              "version": "0.1.4",
              "from": "browserify-zlib@~0.1.4",
              "dependencies": {
                "pako": {
                  "version": "0.2.0",
                  "from": "pako@~0.2.0"
                }
              }
            },
            "https-browserify": {
              "version": "0.0.0",
              "from": "https-browserify@0.0.0"
            },
            "tty-browserify": {
              "version": "0.0.0",
              "from": "tty-browserify@0.0.0"
            },
            "constants-browserify": {
              "version": "0.0.1",
              "from": "constants-browserify@0.0.1"
            },
            "os-browserify": {
              "version": "0.1.2",
              "from": "os-browserify@~0.1.2"
            },
            "path-browserify": {
              "version": "0.0.0",
              "from": "path-browserify@0.0.0"
            },
            "domain-browser": {
              "version": "1.1.1",
              "from": "domain-browser@~1.1.1"
            },
            "querystring-es3": {
              "version": "0.2.0",
              "from": "querystring-es3@~0.2.0"
            },
            "timers-browserify": {
              "version": "1.0.1",
              "from": "timers-browserify@~1.0.1",
              "dependencies": {
                "process": {
                  "version": "0.5.2",
                  "from": "process@~0.5.1"
                }
              }
            },
            "stream-browserify": {
              "version": "0.1.3",
              "from": "stream-browserify@~0.1.3",
              "dependencies": {
                "inherits": {
                  "version": "2.0.1",
                  "from": "inherits@~2.0.1"
                },
                "process": {
                  "version": "0.5.2",
                  "from": "process@~0.5.1"
                }
              }
            },
            "string_decoder": {
              "version": "0.10.25-1",
              "from": "string_decoder@~0.10.25"
            },
            "punycode": {
              "version": "1.2.4",
              "from": "punycode@~1.2.4"
            },
            "events": {
              "version": "1.0.0",
              "from": "events@~1.0.0"
            },
            "util": {
              "version": "0.10.3",
              "from": "util@~0.10.3",
              "dependencies": {
                "inherits": {
                  "version": "2.0.1",
                  "from": "inherits@~2.0.1"
                }
              }
            },
            "assert": {
              "version": "1.1.1",
              "from": "assert@~1.1.1",
              "dependencies": {
                "util": {
                  "version": "0.10.2",
                  "from": "util@0.10.2",
                  "dependencies": {
                    "inherits": {
                      "version": "2.0.1",
                      "from": "inherits@2.0.1"
                    }
                  }
                }
              }
            },
            "buffer": {
              "version": "2.1.13",
              "from": "buffer@~2.1.5",
              "dependencies": {
                "base64-js": {
                  "version": "0.0.6",
                  "from": "base64-js@~0.0.4"
                },
                "ieee754": {
                  "version": "1.1.3",
                  "from": "ieee754@~1.1.1"
                }
              }
            },
            "url": {
              "version": "0.7.9",
              "from": "url@~0.7.9",
              "dependencies": {
                "querystring": {
                  "version": "0.1.0",
                  "from": "querystring@>=0.1.0 <0.2.0"
                },
                "punycode": {
                  "version": "1.0.0",
                  "from": "punycode@>=1.0.0 <1.1.0"
                }
              }
            },
            "process": {
              "version": "0.6.0",
              "from": "process@~0.6.0"
            }
          }
        },
        "tapable": {
          "version": "0.1.5",
          "from": "tapable@0.1.x"
        }
      }
    },
    "compression-webpack-plugin": {
      "version": "0.1.1",
      "from": "compression-webpack-plugin@^0.1.1",
      "dependencies": {
        "async": {
          "version": "0.2.10",
          "from": "async@0.2.x"
        }
      }
    },
    "script-loader": {
      "version": "0.5.2",
      "from": "script-loader@^0.5.2",
      "dependencies": {
        "raw-loader": {
          "version": "0.5.1",
          "from": "raw-loader@0.5.x"
        }
      }
    },
    "jsx-loader": {
      "version": "0.10.0",
      "from": "jsx-loader@^0.10.0",
      "dependencies": {
        "loader-utils": {
          "version": "0.2.2",
          "from": "loader-utils@^0.2.2",
          "dependencies": {
            "json5": {
              "version": "0.1.0",
              "from": "json5@0.1.x"
            }
          }
        }
      }
    }
  }
}
